
Microsoft Visual Studio Solution File, Format Version 12.00
# Visual Studio Version 16
VisualStudioVersion = 16.0.34601.136
MinimumVisualStudioVersion = 10.0.40219.1
Project("{8BC9CEB8-8B4A-11D0-8D11-00A0C91BC942}") = "StarmanLib", "StarmanLib\StarmanLib.vcxproj", "{24DAE9B9-FB40-4D0D-ABCB-7A01CFCFFDB7}"
EndProject
Project("{8BC9CEB8-8B4A-11D0-8D11-00A0C91BC942}") = "StarmanLibTest", "StarmanLibTest\StarmanLibTest.vcxproj", "{D8390EA1-BEAC-40CF-9451-D8CB218A732E}"
EndProject
Global
	GlobalSection(SolutionConfigurationPlatforms) = preSolution
		Debug|x64 = Debug|x64
		Debug|x86 = Debug|x86
		Release|x64 = Release|x64
		Release|x86 = Release|x86
	EndGlobalSection
	GlobalSection(ProjectConfigurationPlatforms) = postSolution
		{24DAE9B9-FB40-4D0D-ABCB-7A01CFCFFDB7}.Debug|x64.ActiveCfg = Debug|x64
		{24DAE9B9-FB40-4D0D-ABCB-7A01CFCFFDB7}.Debug|x64.Build.0 = Debug|x64
		{24DAE9B9-FB40-4D0D-ABCB-7A01CFCFFDB7}.Debug|x86.ActiveCfg = Debug|Win32
		{24DAE9B9-FB40-4D0D-ABCB-7A01CFCFFDB7}.Debug|x86.Build.0 = Debug|Win32
		{24DAE9B9-FB40-4D0D-ABCB-7A01CFCFFDB7}.Release|x64.ActiveCfg = Release|x64
		{24DAE9B9-FB40-4D0D-ABCB-7A01CFCFFDB7}.Release|x64.Build.0 = Release|x64
		{24DAE9B9-FB40-4D0D-ABCB-7A01CFCFFDB7}.Release|x86.ActiveCfg = Release|Win32
		{24DAE9B9-FB40-4D0D-ABCB-7A01CFCFFDB7}.Release|x86.Build.0 = Release|Win32
		{D8390EA1-BEAC-40CF-9451-D8CB218A732E}.Debug|x64.ActiveCfg = Debug|x64
		{D8390EA1-BEAC-40CF-9451-D8CB218A732E}.Debug|x64.Build.0 = Debug|x64
		{D8390EA1-BEAC-40CF-9451-D8CB218A732E}.Debug|x86.ActiveCfg = Debug|Win32
		{D8390EA1-BEAC-40CF-9451-D8CB218A732E}.Debug|x86.Build.0 = Debug|Win32
		{D8390EA1-BEAC-40CF-9451-D8CB218A732E}.Release|x64.ActiveCfg = Release|x64
		{D8390EA1-BEAC-40CF-9451-D8CB218A732E}.Release|x64.Build.0 = Release|x64
		{D8390EA1-BEAC-40CF-9451-D8CB218A732E}.Release|x86.ActiveCfg = Release|Win32
		{D8390EA1-BEAC-40CF-9451-D8CB218A732E}.Release|x86.Build.0 = Release|Win32
	EndGlobalSection
	GlobalSection(SolutionProperties) = preSolution
		HideSolutionNode = FALSE
	EndGlobalSection
	GlobalSection(ExtensibilityGlobals) = postSolution
		SolutionGuid = {DCC23CF5-257A-4920-B9E1-CDDAD1C2F909}
	EndGlobalSection
EndGlobal
